{
    "version": 3,
    "terraform_version": "0.11.11",
    "serial": 1,
    "lineage": "78019b6a-f695-669d-ed3c-375d9ca91536",
    "modules": [
        {
            "path": [
                "root"
            ],
            "outputs": {},
            "resources": {
                "data.external.aws_iam_authenticator": {
                    "type": "external",
                    "depends_on": [],
                    "primary": {
                        "id": "-",
                        "attributes": {
                            "id": "-",
                            "program.#": "2",
                            "program.0": "bash",
                            "program.1": "/home/ec2-user/environment/terraform-eks/kubernetes/authenticator.sh",
                            "query.%": "1",
                            "query.cluster_name": "SRVAWSEKSCl01",
                            "result.%": "1",
                            "result.token": "k8s-aws-v1.aHR0cHM6Ly9zdHMuYW1hem9uYXdzLmNvbS8_QWN0aW9uPUdldENhbGxlcklkZW50aXR5JlZlcnNpb249MjAxMS0wNi0xNSZYLUFtei1BbGdvcml0aG09QVdTNC1ITUFDLVNIQTI1NiZYLUFtei1DcmVkZW50aWFsPUFLSUFZR0sySE9JWjVVR1NHRFBHJTJGMjAyMDAxMDQlMkZ1cy1lYXN0LTElMkZzdHMlMkZhd3M0X3JlcXVlc3QmWC1BbXotRGF0ZT0yMDIwMDEwNFQxOTQ5MTJaJlgtQW16LUV4cGlyZXM9MCZYLUFtei1TaWduZWRIZWFkZXJzPWhvc3QlM0J4LWs4cy1hd3MtaWQmWC1BbXotU2lnbmF0dXJlPTM5ZGQ1YTI4NzA4MTgxYTlmNWUyY2MzNGI4MWJlMGY0NDk1YjY3OGIwMmM1OTVmNGEzMmY4ZmQ0ZDA3ZWI5MzA"
                        },
                        "meta": {},
                        "tainted": false
                    },
                    "deposed": [],
                    "provider": "provider.external"
                },
                "kubernetes_namespace.batpay-eks": {
                    "type": "kubernetes_namespace",
                    "depends_on": [],
                    "primary": {
                        "id": "batpay-eks-service",
                        "attributes": {
                            "id": "batpay-eks-service",
                            "metadata.#": "1",
                            "metadata.0.annotations.%": "1",
                            "metadata.0.annotations.name": "batpay-eks-annotation",
                            "metadata.0.generate_name": "",
                            "metadata.0.generation": "0",
                            "metadata.0.labels.%": "1",
                            "metadata.0.labels.name": "batpay-eks-label",
                            "metadata.0.name": "batpay-eks-service",
                            "metadata.0.resource_version": "3160",
                            "metadata.0.self_link": "/api/v1/namespaces/batpay-eks-service",
                            "metadata.0.uid": "4c1e787f-2f2b-11ea-88a2-02683f5d6776"
                        },
                        "meta": {
                            "e2bfb730-ecaa-11e6-8f88-34363bc7c4c0": {
                                "delete": 300000000000
                            }
                        },
                        "tainted": false
                    },
                    "deposed": [],
                    "provider": "provider.kubernetes"
                },
                "kubernetes_pod.nginx": {
                    "type": "kubernetes_pod",
                    "depends_on": [],
                    "primary": {
                        "id": "batpay-eks-service/batpay-eks-service",
                        "attributes": {
                            "id": "batpay-eks-service/batpay-eks-service",
                            "metadata.#": "1",
                            "metadata.0.annotations.%": "0",
                            "metadata.0.generate_name": "",
                            "metadata.0.generation": "0",
                            "metadata.0.labels.%": "1",
                            "metadata.0.labels.app": "nginx",
                            "metadata.0.name": "batpay-eks-service",
                            "metadata.0.namespace": "batpay-eks-service",
                            "metadata.0.resource_version": "3191",
                            "metadata.0.self_link": "/api/v1/namespaces/batpay-eks-service/pods/batpay-eks-service",
                            "metadata.0.uid": "4c2600db-2f2b-11ea-88a2-02683f5d6776",
                            "spec.#": "1",
                            "spec.0.active_deadline_seconds": "0",
                            "spec.0.affinity.#": "0",
                            "spec.0.automount_service_account_token": "false",
                            "spec.0.container.#": "1",
                            "spec.0.container.0.args.#": "0",
                            "spec.0.container.0.command.#": "0",
                            "spec.0.container.0.env.#": "0",
                            "spec.0.container.0.env_from.#": "0",
                            "spec.0.container.0.image": "nginx:latest",
                            "spec.0.container.0.image_pull_policy": "Always",
                            "spec.0.container.0.lifecycle.#": "0",
                            "spec.0.container.0.liveness_probe.#": "0",
                            "spec.0.container.0.name": "batpay-eks-service",
                            "spec.0.container.0.port.#": "0",
                            "spec.0.container.0.readiness_probe.#": "0",
                            "spec.0.container.0.resources.#": "1",
                            "spec.0.container.0.security_context.#": "0",
                            "spec.0.container.0.stdin": "false",
                            "spec.0.container.0.stdin_once": "false",
                            "spec.0.container.0.termination_message_path": "/dev/termination-log",
                            "spec.0.container.0.tty": "false",
                            "spec.0.container.0.volume_mount.#": "0",
                            "spec.0.container.0.working_dir": "",
                            "spec.0.dns_config.#": "0",
                            "spec.0.dns_policy": "ClusterFirst",
                            "spec.0.host_aliases.#": "0",
                            "spec.0.host_ipc": "false",
                            "spec.0.host_network": "false",
                            "spec.0.host_pid": "false",
                            "spec.0.hostname": "",
                            "spec.0.image_pull_secrets.#": "0",
                            "spec.0.init_container.#": "0",
                            "spec.0.node_name": "ip-10-0-0-87.us-east-2.compute.internal",
                            "spec.0.node_selector.%": "0",
                            "spec.0.priority_class_name": "",
                            "spec.0.restart_policy": "Always",
                            "spec.0.security_context.#": "0",
                            "spec.0.service_account_name": "default",
                            "spec.0.share_process_namespace": "false",
                            "spec.0.subdomain": "",
                            "spec.0.termination_grace_period_seconds": "30",
                            "spec.0.toleration.#": "0",
                            "spec.0.volume.#": "0"
                        },
                        "meta": {
                            "e2bfb730-ecaa-11e6-8f88-34363bc7c4c0": {
                                "create": 300000000000,
                                "delete": 300000000000
                            }
                        },
                        "tainted": false
                    },
                    "deposed": [],
                    "provider": "provider.kubernetes"
                },
                "kubernetes_service.nginx": {
                    "type": "kubernetes_service",
                    "depends_on": [
                        "kubernetes_pod.nginx"
                    ],
                    "primary": {
                        "id": "batpay-eks-service/batpay-eks-service",
                        "attributes": {
                            "id": "batpay-eks-service/batpay-eks-service",
                            "load_balancer_ingress.#": "1",
                            "load_balancer_ingress.0.hostname": "a5416feb82f2b11ea88a202683f5d677-967832306.us-east-2.elb.amazonaws.com",
                            "load_balancer_ingress.0.ip": "",
                            "metadata.#": "1",
                            "metadata.0.annotations.%": "0",
                            "metadata.0.generate_name": "",
                            "metadata.0.generation": "0",
                            "metadata.0.labels.%": "0",
                            "metadata.0.name": "batpay-eks-service",
                            "metadata.0.namespace": "batpay-eks-service",
                            "metadata.0.resource_version": "3211",
                            "metadata.0.self_link": "/api/v1/namespaces/batpay-eks-service/services/batpay-eks-service",
                            "metadata.0.uid": "5416feb8-2f2b-11ea-88a2-02683f5d6776",
                            "spec.#": "1",
                            "spec.0.cluster_ip": "172.20.251.8",
                            "spec.0.external_ips.#": "0",
                            "spec.0.external_name": "",
                            "spec.0.external_traffic_policy": "Cluster",
                            "spec.0.load_balancer_ip": "",
                            "spec.0.load_balancer_source_ranges.#": "0",
                            "spec.0.port.#": "1",
                            "spec.0.port.0.name": "",
                            "spec.0.port.0.node_port": "31783",
                            "spec.0.port.0.port": "8080",
                            "spec.0.port.0.protocol": "TCP",
                            "spec.0.port.0.target_port": "80",
                            "spec.0.publish_not_ready_addresses": "false",
                            "spec.0.selector.%": "1",
                            "spec.0.selector.app": "nginx",
                            "spec.0.session_affinity": "None",
                            "spec.0.type": "LoadBalancer"
                        },
                        "meta": {
                            "e2bfb730-ecaa-11e6-8f88-34363bc7c4c0": {
                                "create": 600000000000
                            }
                        },
                        "tainted": false
                    },
                    "deposed": [],
                    "provider": "provider.kubernetes"
                }
            },
            "depends_on": []
        }
    ]
}
