{
    "version": 3,
    "terraform_version": "0.11.11",
    "serial": 7,
    "lineage": "82c3a5fd-7425-71eb-bf4c-ce01f93cf969",
    "modules": [
        {
            "path": [
                "root"
            ],
            "outputs": {
                "config-map-aws-auth": {
                    "sensitive": false,
                    "type": "string",
                    "value": "\n\napiVersion: v1\nkind: ConfigMap\nmetadata:\n  name: aws-auth\n  namespace: kube-system\ndata:\n  mapRoles: |\n    - rolearn: arn:aws:iam::563366818355:role/eks-cardpay-node-role\n      username: system:node:{{EC2PrivateDNSName}}\n      groups:\n        - system:bootstrappers\n        - system:nodes\n"
                },
                "kubeconfig": {
                    "sensitive": false,
                    "type": "string",
                    "value": "\n\napiVersion: v1\nclusters:\n- cluster:\n    server: https://C8B299A4704F5B74E54CDA9C3735A7EF.sk1.us-west-2.eks.amazonaws.com\n    certificate-authority-data: LS0tLS1CRUdJTiBDRVJUSUZJQ0FURS0tLS0tCk1JSUN5RENDQWJDZ0F3SUJBZ0lCQURBTkJna3Foa2lHOXcwQkFRc0ZBREFWTVJNd0VRWURWUVFERXdwcmRXSmwKY201bGRHVnpNQjRYRFRJd01ERXhNakUyTURrd01Wb1hEVE13TURFd09URTJNRGt3TVZvd0ZURVRNQkVHQTFVRQpBeE1LYTNWaVpYSnVaWFJsY3pDQ0FTSXdEUVlKS29aSWh2Y05BUUVCQlFBRGdnRVBBRENDQVFvQ2dnRUJBS1lFCmV4SHh0K0JpaXN2K3BUZEFVUUZ6Z2FkOFpVaFhGN0dzQ0MyaSsrQzBBNVVzTGhzYUtYR3ltKytQcEtIa1lzMFoKd0piVVovbHJoOHhxd3Uxc2EzbGtYSWlVY04rVHdQOEJtRWJFVTQxTWljMytrZFlPZlVxandLN3ZjUkErQ0g0aAo5b0o0eHhiUnp0T0hGSWQ2RzQ0SUgyMS9QVzV6dEV3WFhJbFhaeUo4KzlwMFN0azJ1SjFYS3pUbXE3cStZdTVzClc1SUtvZnBrMzhGc1NHeFcxd0VoekZqUGxPNjhKMGVlRExQSXc4cUYrTUtPL3RTbzdnbVlYZEVRT0x5NUg2YTUKM2NRRXhqcCtUNjdZdHdEZEhQaHNOMC8yc0VLV2ZJZ1kxTmNxdjNGTEVQVmVLcXh1Y0J1U1dNTVhPYnlsWnkwUwprVnJ0Y1ZVOTlOZEVMNGc3RXZrQ0F3RUFBYU1qTUNFd0RnWURWUjBQQVFIL0JBUURBZ0trTUE4R0ExVWRFd0VCCi93UUZNQU1CQWY4d0RRWUpLb1pJaHZjTkFRRUxCUUFEZ2dFQkFFTTJDNUlUOWMxM0xTeVVNazEvcjIzK1lpNWwKbmhiM0NoOFNudGRkNE94TnBSYlVkalZ5cTB2NHNCRmErVWxXVHVDUStzTDZhRW5VMk9kbXhlak0zckVBMU1ZUApZeXRNbVFieXFrYkZ3dC92T2x0MWc3VDFLeGZ5Zk00eTN3QlAra0pPZ0RkcUliUVJjZGxMRXdNY0ZoOVNHbnZECmpxYW9OYndsS1JNUmEydGl3cHZreUFHV3V3SFBUSjg2OW1aRFd0eEJXOVN0aU85TDZIK0JuZXUrUkhSRVN6MFgKdEdCVEVIdnQ1elR4ck9maHZTS2taV3ZBMDIxQzZyMElxdk5TbWlrdXhmeU5HSlplTW9lWlFDRXd4N1I1Q244dwpMeGgyQnZDMEIvL1RwSG1UMEFCOEJpa1ZPdm9JU3cyNEZCYzEvMEJzM1N5MEFjZDVaaTFtSUpOTjUvND0KLS0tLS1FTkQgQ0VSVElGSUNBVEUtLS0tLQo=\n  name: kubernetes\ncontexts:\n- context:\n    cluster: kubernetes\n    user: aws\n  name: aws\ncurrent-context: aws\nkind: Config\npreferences: {}\nusers:\n- name: aws\n  user:\n    exec:\n      apiVersion: client.authentication.k8s.io/v1alpha1\n      command: heptio-authenticator-aws\n      args:\n        - \"token\"\n        - \"-i\"\n        - \"SRVAWSEKSCl01\"\n"
                }
            },
            "resources": {
                "aws_autoscaling_group.cardpay": {
                    "type": "aws_autoscaling_group",
                    "depends_on": [
                        "aws_launch_configuration.cardpay",
                        "aws_subnet.cardpay.*"
                    ],
                    "primary": {
                        "id": "eks-cardpay",
                        "attributes": {
                            "arn": "arn:aws:autoscaling:us-west-2:563366818355:autoScalingGroup:a3a6e05e-4e05-44fe-bc05-a31b08a7c15d:autoScalingGroupName/eks-cardpay",
                            "availability_zones.#": "2",
                            "availability_zones.221770259": "us-west-2b",
                            "availability_zones.2487133097": "us-west-2a",
                            "default_cooldown": "300",
                            "desired_capacity": "2",
                            "enabled_metrics.#": "0",
                            "force_delete": "false",
                            "health_check_grace_period": "300",
                            "health_check_type": "EC2",
                            "id": "eks-cardpay",
                            "launch_configuration": "eks-cardpay-node20200112161210170800000001",
                            "launch_template.#": "0",
                            "load_balancers.#": "0",
                            "max_size": "10",
                            "metrics_granularity": "1Minute",
                            "min_size": "1",
                            "mixed_instances_policy.#": "0",
                            "name": "eks-cardpay",
                            "placement_group": "",
                            "protect_from_scale_in": "false",
                            "service_linked_role_arn": "arn:aws:iam::563366818355:role/aws-service-role/autoscaling.amazonaws.com/AWSServiceRoleForAutoScaling",
                            "suspended_processes.#": "0",
                            "tag.#": "2",
                            "tag.4220559100.key": "kubernetes.io/cluster/SRVAWSEKSCl01",
                            "tag.4220559100.propagate_at_launch": "true",
                            "tag.4220559100.value": "owned",
                            "tag.743524360.key": "Name",
                            "tag.743524360.propagate_at_launch": "true",
                            "tag.743524360.value": "eks-cardpay",
                            "target_group_arns.#": "0",
                            "termination_policies.#": "0",
                            "vpc_zone_identifier.#": "2",
                            "vpc_zone_identifier.2761108438": "subnet-09fbcb9754cf92014",
                            "vpc_zone_identifier.3063116138": "subnet-0106f0e8d00be5299",
                            "wait_for_capacity_timeout": "10m"
                        },
                        "meta": {
                            "e2bfb730-ecaa-11e6-8f88-34363bc7c4c0": {
                                "delete": 600000000000
                            }
                        },
                        "tainted": false
                    },
                    "deposed": [],
                    "provider": "provider.aws"
                },
                "aws_eks_cluster.cardpay": {
                    "type": "aws_eks_cluster",
                    "depends_on": [
                        "aws_iam_role.cardpay-cluster",
                        "aws_iam_role_policy_attachment.cardpay-cluster-AmazonEKSClusterPolicy",
                        "aws_iam_role_policy_attachment.cardpay-cluster-AmazonEKSServicePolicy",
                        "aws_security_group.cardpay-cluster",
                        "aws_subnet.cardpay.*"
                    ],
                    "primary": {
                        "id": "SRVAWSEKSCl01",
                        "attributes": {
                            "arn": "arn:aws:eks:us-west-2:563366818355:cluster/SRVAWSEKSCl01",
                            "certificate_authority.#": "1",
                            "certificate_authority.0.data": "LS0tLS1CRUdJTiBDRVJUSUZJQ0FURS0tLS0tCk1JSUN5RENDQWJDZ0F3SUJBZ0lCQURBTkJna3Foa2lHOXcwQkFRc0ZBREFWTVJNd0VRWURWUVFERXdwcmRXSmwKY201bGRHVnpNQjRYRFRJd01ERXhNakUyTURrd01Wb1hEVE13TURFd09URTJNRGt3TVZvd0ZURVRNQkVHQTFVRQpBeE1LYTNWaVpYSnVaWFJsY3pDQ0FTSXdEUVlKS29aSWh2Y05BUUVCQlFBRGdnRVBBRENDQVFvQ2dnRUJBS1lFCmV4SHh0K0JpaXN2K3BUZEFVUUZ6Z2FkOFpVaFhGN0dzQ0MyaSsrQzBBNVVzTGhzYUtYR3ltKytQcEtIa1lzMFoKd0piVVovbHJoOHhxd3Uxc2EzbGtYSWlVY04rVHdQOEJtRWJFVTQxTWljMytrZFlPZlVxandLN3ZjUkErQ0g0aAo5b0o0eHhiUnp0T0hGSWQ2RzQ0SUgyMS9QVzV6dEV3WFhJbFhaeUo4KzlwMFN0azJ1SjFYS3pUbXE3cStZdTVzClc1SUtvZnBrMzhGc1NHeFcxd0VoekZqUGxPNjhKMGVlRExQSXc4cUYrTUtPL3RTbzdnbVlYZEVRT0x5NUg2YTUKM2NRRXhqcCtUNjdZdHdEZEhQaHNOMC8yc0VLV2ZJZ1kxTmNxdjNGTEVQVmVLcXh1Y0J1U1dNTVhPYnlsWnkwUwprVnJ0Y1ZVOTlOZEVMNGc3RXZrQ0F3RUFBYU1qTUNFd0RnWURWUjBQQVFIL0JBUURBZ0trTUE4R0ExVWRFd0VCCi93UUZNQU1CQWY4d0RRWUpLb1pJaHZjTkFRRUxCUUFEZ2dFQkFFTTJDNUlUOWMxM0xTeVVNazEvcjIzK1lpNWwKbmhiM0NoOFNudGRkNE94TnBSYlVkalZ5cTB2NHNCRmErVWxXVHVDUStzTDZhRW5VMk9kbXhlak0zckVBMU1ZUApZeXRNbVFieXFrYkZ3dC92T2x0MWc3VDFLeGZ5Zk00eTN3QlAra0pPZ0RkcUliUVJjZGxMRXdNY0ZoOVNHbnZECmpxYW9OYndsS1JNUmEydGl3cHZreUFHV3V3SFBUSjg2OW1aRFd0eEJXOVN0aU85TDZIK0JuZXUrUkhSRVN6MFgKdEdCVEVIdnQ1elR4ck9maHZTS2taV3ZBMDIxQzZyMElxdk5TbWlrdXhmeU5HSlplTW9lWlFDRXd4N1I1Q244dwpMeGgyQnZDMEIvL1RwSG1UMEFCOEJpa1ZPdm9JU3cyNEZCYzEvMEJzM1N5MEFjZDVaaTFtSUpOTjUvND0KLS0tLS1FTkQgQ0VSVElGSUNBVEUtLS0tLQo=",
                            "created_at": "2020-01-12 16:01:39 +0000 UTC",
                            "endpoint": "https://C8B299A4704F5B74E54CDA9C3735A7EF.sk1.us-west-2.eks.amazonaws.com",
                            "id": "SRVAWSEKSCl01",
                            "name": "SRVAWSEKSCl01",
                            "platform_version": "eks.7",
                            "role_arn": "arn:aws:iam::563366818355:role/eks-cardpay-cluster-role",
                            "version": "1.14",
                            "vpc_config.#": "1",
                            "vpc_config.0.security_group_ids.#": "1",
                            "vpc_config.0.security_group_ids.3021798130": "sg-0dc1e06bb4cb14006",
                            "vpc_config.0.subnet_ids.#": "2",
                            "vpc_config.0.subnet_ids.203285091": "subnet-09fbcb9754cf92014",
                            "vpc_config.0.subnet_ids.3470269854": "subnet-0106f0e8d00be5299",
                            "vpc_config.0.vpc_id": "vpc-060d5726858c7ec0e"
                        },
                        "meta": {
                            "e2bfb730-ecaa-11e6-8f88-34363bc7c4c0": {
                                "create": 900000000000,
                                "delete": 900000000000,
                                "update": 3600000000000
                            }
                        },
                        "tainted": false
                    },
                    "deposed": [],
                    "provider": "provider.aws"
                },
                "aws_iam_instance_profile.cardpay-node": {
                    "type": "aws_iam_instance_profile",
                    "depends_on": [
                        "aws_iam_role.cardpay-node"
                    ],
                    "primary": {
                        "id": "eks-cardpay-pf",
                        "attributes": {
                            "arn": "arn:aws:iam::563366818355:instance-profile/eks-cardpay-pf",
                            "create_date": "2020-01-06T17:59:55Z",
                            "id": "eks-cardpay-pf",
                            "name": "eks-cardpay-pf",
                            "path": "/",
                            "role": "eks-cardpay-node-role",
                            "roles.#": "1",
                            "roles.2297000509": "eks-cardpay-node-role",
                            "unique_id": "AIPAYGK2HOIZUNSGUHSKK"
                        },
                        "meta": {},
                        "tainted": false
                    },
                    "deposed": [],
                    "provider": "provider.aws"
                },
                "aws_iam_role.cardpay-cluster": {
                    "type": "aws_iam_role",
                    "depends_on": [],
                    "primary": {
                        "id": "eks-cardpay-cluster-role",
                        "attributes": {
                            "arn": "arn:aws:iam::563366818355:role/eks-cardpay-cluster-role",
                            "assume_role_policy": "{\"Version\":\"2012-10-17\",\"Statement\":[{\"Effect\":\"Allow\",\"Principal\":{\"Service\":\"eks.amazonaws.com\"},\"Action\":\"sts:AssumeRole\"}]}",
                            "create_date": "2020-01-06T17:59:54Z",
                            "description": "",
                            "force_detach_policies": "false",
                            "id": "eks-cardpay-cluster-role",
                            "max_session_duration": "3600",
                            "name": "eks-cardpay-cluster-role",
                            "path": "/",
                            "tags.%": "0",
                            "unique_id": "AROAYGK2HOIZQHJBTEGEL"
                        },
                        "meta": {},
                        "tainted": false
                    },
                    "deposed": [],
                    "provider": "provider.aws"
                },
                "aws_iam_role.cardpay-node": {
                    "type": "aws_iam_role",
                    "depends_on": [],
                    "primary": {
                        "id": "eks-cardpay-node-role",
                        "attributes": {
                            "arn": "arn:aws:iam::563366818355:role/eks-cardpay-node-role",
                            "assume_role_policy": "{\"Version\":\"2012-10-17\",\"Statement\":[{\"Effect\":\"Allow\",\"Principal\":{\"Service\":\"ec2.amazonaws.com\"},\"Action\":\"sts:AssumeRole\"}]}",
                            "create_date": "2020-01-06T17:59:54Z",
                            "description": "",
                            "force_detach_policies": "false",
                            "id": "eks-cardpay-node-role",
                            "max_session_duration": "3600",
                            "name": "eks-cardpay-node-role",
                            "path": "/",
                            "tags.%": "0",
                            "unique_id": "AROAYGK2HOIZ2WUXMSBUN"
                        },
                        "meta": {},
                        "tainted": false
                    },
                    "deposed": [],
                    "provider": "provider.aws"
                },
                "aws_iam_role_policy_attachment.cardpay-cluster-AmazonEKSClusterPolicy": {
                    "type": "aws_iam_role_policy_attachment",
                    "depends_on": [
                        "aws_iam_role.cardpay-cluster"
                    ],
                    "primary": {
                        "id": "eks-cardpay-cluster-role-20200106175955451700000004",
                        "attributes": {
                            "id": "eks-cardpay-cluster-role-20200106175955451700000004",
                            "policy_arn": "arn:aws:iam::aws:policy/AmazonEKSClusterPolicy",
                            "role": "eks-cardpay-cluster-role"
                        },
                        "meta": {},
                        "tainted": false
                    },
                    "deposed": [],
                    "provider": "provider.aws"
                },
                "aws_iam_role_policy_attachment.cardpay-cluster-AmazonEKSServicePolicy": {
                    "type": "aws_iam_role_policy_attachment",
                    "depends_on": [
                        "aws_iam_role.cardpay-cluster"
                    ],
                    "primary": {
                        "id": "eks-cardpay-cluster-role-20200106175955445700000003",
                        "attributes": {
                            "id": "eks-cardpay-cluster-role-20200106175955445700000003",
                            "policy_arn": "arn:aws:iam::aws:policy/AmazonEKSServicePolicy",
                            "role": "eks-cardpay-cluster-role"
                        },
                        "meta": {},
                        "tainted": false
                    },
                    "deposed": [],
                    "provider": "provider.aws"
                },
                "aws_iam_role_policy_attachment.cardpay-node-AmazonEC2ContainerRegistryReadOnly": {
                    "type": "aws_iam_role_policy_attachment",
                    "depends_on": [
                        "aws_iam_role.cardpay-node"
                    ],
                    "primary": {
                        "id": "eks-cardpay-node-role-20200106175956385200000005",
                        "attributes": {
                            "id": "eks-cardpay-node-role-20200106175956385200000005",
                            "policy_arn": "arn:aws:iam::aws:policy/AmazonEC2ContainerRegistryReadOnly",
                            "role": "eks-cardpay-node-role"
                        },
                        "meta": {},
                        "tainted": false
                    },
                    "deposed": [],
                    "provider": "provider.aws"
                },
                "aws_iam_role_policy_attachment.cardpay-node-AmazonEKSWorkerNodePolicy": {
                    "type": "aws_iam_role_policy_attachment",
                    "depends_on": [
                        "aws_iam_role.cardpay-node"
                    ],
                    "primary": {
                        "id": "eks-cardpay-node-role-20200106175955375300000001",
                        "attributes": {
                            "id": "eks-cardpay-node-role-20200106175955375300000001",
                            "policy_arn": "arn:aws:iam::aws:policy/AmazonEKSWorkerNodePolicy",
                            "role": "eks-cardpay-node-role"
                        },
                        "meta": {},
                        "tainted": false
                    },
                    "deposed": [],
                    "provider": "provider.aws"
                },
                "aws_iam_role_policy_attachment.cardpay-node-AmazonEKS_CNI_Policy": {
                    "type": "aws_iam_role_policy_attachment",
                    "depends_on": [
                        "aws_iam_role.cardpay-node"
                    ],
                    "primary": {
                        "id": "eks-cardpay-node-role-20200106175955375800000002",
                        "attributes": {
                            "id": "eks-cardpay-node-role-20200106175955375800000002",
                            "policy_arn": "arn:aws:iam::aws:policy/AmazonEKS_CNI_Policy",
                            "role": "eks-cardpay-node-role"
                        },
                        "meta": {},
                        "tainted": false
                    },
                    "deposed": [],
                    "provider": "provider.aws"
                },
                "aws_internet_gateway.cardpay": {
                    "type": "aws_internet_gateway",
                    "depends_on": [
                        "aws_vpc.cardpay"
                    ],
                    "primary": {
                        "id": "igw-0fcb70a085c667443",
                        "attributes": {
                            "id": "igw-0fcb70a085c667443",
                            "owner_id": "563366818355",
                            "tags.%": "1",
                            "tags.Name": "eks-cardpay-igw",
                            "vpc_id": "vpc-060d5726858c7ec0e"
                        },
                        "meta": {},
                        "tainted": false
                    },
                    "deposed": [],
                    "provider": "provider.aws"
                },
                "aws_launch_configuration.cardpay": {
                    "type": "aws_launch_configuration",
                    "depends_on": [
                        "aws_iam_instance_profile.cardpay-node",
                        "aws_security_group.cardpay-node",
                        "local.cardpay-node-userdata"
                    ],
                    "primary": {
                        "id": "eks-cardpay-node20200112161210170800000001",
                        "attributes": {
                            "associate_public_ip_address": "true",
                            "ebs_block_device.#": "0",
                            "ebs_optimized": "false",
                            "enable_monitoring": "true",
                            "ephemeral_block_device.#": "0",
                            "iam_instance_profile": "eks-cardpay-pf",
                            "id": "eks-cardpay-node20200112161210170800000001",
                            "image_id": "ami-0c13bb9cbfd007e56",
                            "instance_type": "m4.large",
                            "key_name": "",
                            "name": "eks-cardpay-node20200112161210170800000001",
                            "name_prefix": "eks-cardpay-node",
                            "root_block_device.#": "0",
                            "security_groups.#": "1",
                            "security_groups.2442707948": "sg-06664e406bfcb570b",
                            "spot_price": "",
                            "user_data_base64": "IyEvYmluL2Jhc2ggLXhlCgpDQV9DRVJUSUZJQ0FURV9ESVJFQ1RPUlk9L2V0Yy9rdWJlcm5ldGVzL3BraQpDQV9DRVJUSUZJQ0FURV9GSUxFX1BBVEg9JENBX0NFUlRJRklDQVRFX0RJUkVDVE9SWS9jYS5jcnQKbWtkaXIgLXAgJENBX0NFUlRJRklDQVRFX0RJUkVDVE9SWQplY2hvICJMUzB0TFMxQ1JVZEpUaUJEUlZKVVNVWkpRMEZVUlMwdExTMHRDazFKU1VONVJFTkRRV0pEWjBGM1NVSkJaMGxDUVVSQlRrSm5hM0ZvYTJsSE9YY3dRa0ZSYzBaQlJFRldUVkpOZDBWUldVUldVVkZFUlhkd2NtUlhTbXdLWTIwMWJHUkhWbnBOUWpSWVJGUkpkMDFFUlhoTmFrVXlUVVJyZDAxV2IxaEVWRTEzVFVSRmQwOVVSVEpOUkd0M1RWWnZkMFpVUlZSTlFrVkhRVEZWUlFwQmVFMUxZVE5XYVZwWVNuVmFXRkpzWTNwRFEwRlRTWGRFVVZsS1MyOWFTV2gyWTA1QlVVVkNRbEZCUkdkblJWQkJSRU5EUVZGdlEyZG5SVUpCUzFsRkNtVjRTSGgwSzBKcGFYTjJLM0JVWkVGVlVVWjZaMkZrT0ZwVmFGaEdOMGR6UTBNeWFTc3JRekJCTlZWelRHaHpZVXRZUjNsdEt5dFFjRXRJYTFsek1Gb0tkMHBpVlZvdmJISm9PSGh4ZDNVeGMyRXpiR3RZU1dsVlkwNHJWSGRRT0VKdFJXSkZWVFF4VFdsak15dHJaRmxQWmxWeGFuZExOM1pqVWtFclEwZzBhQW81YjBvMGVIaGlVbnAwVDBoR1NXUTJSelEwU1VneU1TOVFWelY2ZEVWM1dGaEpiRmhhZVVvNEt6bHdNRk4wYXpKMVNqRllTM3BVYlhFM2NTdFpkVFZ6Q2xjMVNVdHZabkJyTXpoR2MxTkhlRmN4ZDBWb2VrWnFVR3hQTmpoS01HVmxSRXhRU1hjNGNVWXJUVXRQTDNSVGJ6ZG5iVmxZWkVWUlQweDVOVWcyWVRVS00yTlJSWGhxY0N0VU5qZFpkSGRFWkVoUWFITk9NQzh5YzBWTFYyWkpaMWt4VG1OeGRqTkdURVZRVm1WTGNYaDFZMEoxVTFkTlRWaFBZbmxzV25rd1V3cHJWbkowWTFaVk9UbE9aRVZNTkdjM1JYWnJRMEYzUlVGQllVMXFUVU5GZDBSbldVUldVakJRUVZGSUwwSkJVVVJCWjB0clRVRTRSMEV4VldSRmQwVkNDaTkzVVVaTlFVMUNRV1k0ZDBSUldVcExiMXBKYUhaalRrRlJSVXhDVVVGRVoyZEZRa0ZGVFRKRE5VbFVPV014TTB4VGVWVk5hekV2Y2pJeksxbHBOV3dLYm1oaU0wTm9PRk51ZEdSa05FOTRUbkJTWWxWa2FsWjVjVEIyTkhOQ1JtRXJWV3hYVkhWRFVTdHpURFpoUlc1Vk1rOWtiWGhsYWswemNrVkJNVTFaVUFwWmVYUk5iVkZpZVhGcllrWjNkQzkyVDJ4ME1XYzNWREZMZUdaNVprMDBlVE4zUWxBcmEwcFBaMFJrY1VsaVVWSmpaR3hNUlhkTlkwWm9PVk5IYm5aRUNtcHhZVzlPWW5kc1MxSk5VbUV5ZEdsM2NIWnJlVUZIVjNWM1NGQlVTamcyT1cxYVJGZDBlRUpYT1ZOMGFVODVURFpJSzBKdVpYVXJVa2hTUlZONk1GZ0tkRWRDVkVWSWRuUTFlbFI0Y2s5bWFIWlRTMnRhVjNaQk1ESXhRelp5TUVseGRrNVRiV2xyZFhobWVVNUhTbHBsVFc5bFdsRkRSWGQ0TjFJMVEyNDRkd3BNZUdneVFuWkRNRUl2TDFSd1NHMVVNRUZDT0VKcGExWlBkbTlKVTNjeU5FWkNZekV2TUVKek0xTjVNRUZqWkRWYWFURnRTVXBPVGpVdk5EMEtMUzB0TFMxRlRrUWdRMFZTVkVsR1NVTkJWRVV0TFMwdExRbz0iIHwgYmFzZTY0IC1kID4gICRDQV9DRVJUSUZJQ0FURV9GSUxFX1BBVEgKSU5URVJOQUxfSVA9JChjdXJsIC1zIGh0dHA6Ly8xNjkuMjU0LjE2OS4yNTQvbGF0ZXN0L21ldGEtZGF0YS9sb2NhbC1pcHY0KQpzZWQgLWkgcyxNQVNURVJfRU5EUE9JTlQsaHR0cHM6Ly9DOEIyOTlBNDcwNEY1Qjc0RTU0Q0RBOUMzNzM1QTdFRi5zazEudXMtd2VzdC0yLmVrcy5hbWF6b25hd3MuY29tLGcgL3Zhci9saWIva3ViZWxldC9rdWJlY29uZmlnCnNlZCAtaSBzLENMVVNURVJfTkFNRSxTUlZBV1NFS1NDbDAxLGcgL3Zhci9saWIva3ViZWxldC9rdWJlY29uZmlnCnNlZCAtaSBzLFJFR0lPTix1cy13ZXN0LTIsZyAvZXRjL3N5c3RlbWQvc3lzdGVtL2t1YmVsZXQuc2VydmljZQpzZWQgLWkgcyxNQVhfUE9EUywyMCxnIC9ldGMvc3lzdGVtZC9zeXN0ZW0va3ViZWxldC5zZXJ2aWNlCnNlZCAtaSBzLE1BU1RFUl9FTkRQT0lOVCxodHRwczovL0M4QjI5OUE0NzA0RjVCNzRFNTRDREE5QzM3MzVBN0VGLnNrMS51cy13ZXN0LTIuZWtzLmFtYXpvbmF3cy5jb20sZyAvZXRjL3N5c3RlbWQvc3lzdGVtL2t1YmVsZXQuc2VydmljZQpzZWQgLWkgcyxJTlRFUk5BTF9JUCwkSU5URVJOQUxfSVAsZyAvZXRjL3N5c3RlbWQvc3lzdGVtL2t1YmVsZXQuc2VydmljZQpETlNfQ0xVU1RFUl9JUD0xMC4xMDAuMC4xMAppZiBbWyAkSU5URVJOQUxfSVAgPT0gMTAuKiBdXSA7IHRoZW4gRE5TX0NMVVNURVJfSVA9MTcyLjIwLjAuMTA7IGZpCnNlZCAtaSBzLEROU19DTFVTVEVSX0lQLCRETlNfQ0xVU1RFUl9JUCxnIC9ldGMvc3lzdGVtZC9zeXN0ZW0va3ViZWxldC5zZXJ2aWNlCnNlZCAtaSBzLENFUlRJRklDQVRFX0FVVEhPUklUWV9GSUxFLCRDQV9DRVJUSUZJQ0FURV9GSUxFX1BBVEgsZyAvdmFyL2xpYi9rdWJlbGV0L2t1YmVjb25maWcKc2VkIC1pIHMsQ0xJRU5UX0NBX0ZJTEUsJENBX0NFUlRJRklDQVRFX0ZJTEVfUEFUSCxnICAvZXRjL3N5c3RlbWQvc3lzdGVtL2t1YmVsZXQuc2VydmljZQpzeXN0ZW1jdGwgZGFlbW9uLXJlbG9hZApzeXN0ZW1jdGwgcmVzdGFydCBrdWJlbGV0Cg==",
                            "vpc_classic_link_id": "",
                            "vpc_classic_link_security_groups.#": "0"
                        },
                        "meta": {},
                        "tainted": false
                    },
                    "deposed": [],
                    "provider": "provider.aws"
                },
                "aws_route_table.cardpay": {
                    "type": "aws_route_table",
                    "depends_on": [
                        "aws_internet_gateway.cardpay",
                        "aws_vpc.cardpay"
                    ],
                    "primary": {
                        "id": "rtb-0ccf74a6271c45048",
                        "attributes": {
                            "id": "rtb-0ccf74a6271c45048",
                            "owner_id": "563366818355",
                            "propagating_vgws.#": "0",
                            "route.#": "1",
                            "route.3983561562.cidr_block": "0.0.0.0/0",
                            "route.3983561562.egress_only_gateway_id": "",
                            "route.3983561562.gateway_id": "igw-0fcb70a085c667443",
                            "route.3983561562.instance_id": "",
                            "route.3983561562.ipv6_cidr_block": "",
                            "route.3983561562.nat_gateway_id": "",
                            "route.3983561562.network_interface_id": "",
                            "route.3983561562.transit_gateway_id": "",
                            "route.3983561562.vpc_peering_connection_id": "",
                            "tags.%": "0",
                            "vpc_id": "vpc-060d5726858c7ec0e"
                        },
                        "meta": {},
                        "tainted": false
                    },
                    "deposed": [],
                    "provider": "provider.aws"
                },
                "aws_route_table_association.cardpay.0": {
                    "type": "aws_route_table_association",
                    "depends_on": [
                        "aws_route_table.cardpay",
                        "aws_subnet.cardpay.*"
                    ],
                    "primary": {
                        "id": "rtbassoc-0891f1418e61d5c39",
                        "attributes": {
                            "id": "rtbassoc-0891f1418e61d5c39",
                            "route_table_id": "rtb-0ccf74a6271c45048",
                            "subnet_id": "subnet-09fbcb9754cf92014"
                        },
                        "meta": {},
                        "tainted": false
                    },
                    "deposed": [],
                    "provider": "provider.aws"
                },
                "aws_route_table_association.cardpay.1": {
                    "type": "aws_route_table_association",
                    "depends_on": [
                        "aws_route_table.cardpay",
                        "aws_subnet.cardpay.*"
                    ],
                    "primary": {
                        "id": "rtbassoc-0de24ee86091d9d5c",
                        "attributes": {
                            "id": "rtbassoc-0de24ee86091d9d5c",
                            "route_table_id": "rtb-0ccf74a6271c45048",
                            "subnet_id": "subnet-0106f0e8d00be5299"
                        },
                        "meta": {},
                        "tainted": false
                    },
                    "deposed": [],
                    "provider": "provider.aws"
                },
                "aws_security_group.cardpay-cluster": {
                    "type": "aws_security_group",
                    "depends_on": [
                        "aws_vpc.cardpay"
                    ],
                    "primary": {
                        "id": "sg-0dc1e06bb4cb14006",
                        "attributes": {
                            "arn": "arn:aws:ec2:us-west-2:563366818355:security-group/sg-0dc1e06bb4cb14006",
                            "description": "Cluster communication with worker nodes",
                            "egress.#": "1",
                            "egress.482069346.cidr_blocks.#": "1",
                            "egress.482069346.cidr_blocks.0": "0.0.0.0/0",
                            "egress.482069346.description": "",
                            "egress.482069346.from_port": "0",
                            "egress.482069346.ipv6_cidr_blocks.#": "0",
                            "egress.482069346.prefix_list_ids.#": "0",
                            "egress.482069346.protocol": "-1",
                            "egress.482069346.security_groups.#": "0",
                            "egress.482069346.self": "false",
                            "egress.482069346.to_port": "0",
                            "id": "sg-0dc1e06bb4cb14006",
                            "ingress.#": "2",
                            "ingress.1022547589.cidr_blocks.#": "1",
                            "ingress.1022547589.cidr_blocks.0": "35.165.84.248/32",
                            "ingress.1022547589.description": "Allow workstation to communicate with the cluster API Server",
                            "ingress.1022547589.from_port": "443",
                            "ingress.1022547589.ipv6_cidr_blocks.#": "0",
                            "ingress.1022547589.prefix_list_ids.#": "0",
                            "ingress.1022547589.protocol": "tcp",
                            "ingress.1022547589.security_groups.#": "0",
                            "ingress.1022547589.self": "false",
                            "ingress.1022547589.to_port": "443",
                            "ingress.440697200.cidr_blocks.#": "0",
                            "ingress.440697200.description": "Allow pods to communicate with the cluster API Server",
                            "ingress.440697200.from_port": "443",
                            "ingress.440697200.ipv6_cidr_blocks.#": "0",
                            "ingress.440697200.prefix_list_ids.#": "0",
                            "ingress.440697200.protocol": "tcp",
                            "ingress.440697200.security_groups.#": "1",
                            "ingress.440697200.security_groups.2442707948": "sg-06664e406bfcb570b",
                            "ingress.440697200.self": "false",
                            "ingress.440697200.to_port": "443",
                            "name": "eks-cardpay-cluster-sg",
                            "owner_id": "563366818355",
                            "revoke_rules_on_delete": "false",
                            "tags.%": "1",
                            "tags.Name": "eks-cardpay",
                            "vpc_id": "vpc-060d5726858c7ec0e"
                        },
                        "meta": {
                            "e2bfb730-ecaa-11e6-8f88-34363bc7c4c0": {
                                "create": 600000000000,
                                "delete": 600000000000
                            },
                            "schema_version": "1"
                        },
                        "tainted": false
                    },
                    "deposed": [],
                    "provider": "provider.aws"
                },
                "aws_security_group.cardpay-node": {
                    "type": "aws_security_group",
                    "depends_on": [
                        "aws_vpc.cardpay"
                    ],
                    "primary": {
                        "id": "sg-06664e406bfcb570b",
                        "attributes": {
                            "arn": "arn:aws:ec2:us-west-2:563366818355:security-group/sg-06664e406bfcb570b",
                            "description": "Security group for all nodes in the cluster",
                            "egress.#": "1",
                            "egress.482069346.cidr_blocks.#": "1",
                            "egress.482069346.cidr_blocks.0": "0.0.0.0/0",
                            "egress.482069346.description": "",
                            "egress.482069346.from_port": "0",
                            "egress.482069346.ipv6_cidr_blocks.#": "0",
                            "egress.482069346.prefix_list_ids.#": "0",
                            "egress.482069346.protocol": "-1",
                            "egress.482069346.security_groups.#": "0",
                            "egress.482069346.self": "false",
                            "egress.482069346.to_port": "0",
                            "id": "sg-06664e406bfcb570b",
                            "ingress.#": "3",
                            "ingress.2278689831.cidr_blocks.#": "0",
                            "ingress.2278689831.description": "Allow node to communicate with each other",
                            "ingress.2278689831.from_port": "0",
                            "ingress.2278689831.ipv6_cidr_blocks.#": "0",
                            "ingress.2278689831.prefix_list_ids.#": "0",
                            "ingress.2278689831.protocol": "-1",
                            "ingress.2278689831.security_groups.#": "0",
                            "ingress.2278689831.self": "true",
                            "ingress.2278689831.to_port": "0",
                            "ingress.2946178719.cidr_blocks.#": "0",
                            "ingress.2946178719.description": "",
                            "ingress.2946178719.from_port": "0",
                            "ingress.2946178719.ipv6_cidr_blocks.#": "0",
                            "ingress.2946178719.prefix_list_ids.#": "0",
                            "ingress.2946178719.protocol": "-1",
                            "ingress.2946178719.security_groups.#": "1",
                            "ingress.2946178719.security_groups.279240074": "sg-0a6fe4704d6bfca5c",
                            "ingress.2946178719.self": "false",
                            "ingress.2946178719.to_port": "0",
                            "ingress.3896068739.cidr_blocks.#": "0",
                            "ingress.3896068739.description": "Allow worker Kubelets and pods to receive communication from the cluster control plane",
                            "ingress.3896068739.from_port": "1025",
                            "ingress.3896068739.ipv6_cidr_blocks.#": "0",
                            "ingress.3896068739.prefix_list_ids.#": "0",
                            "ingress.3896068739.protocol": "tcp",
                            "ingress.3896068739.security_groups.#": "1",
                            "ingress.3896068739.security_groups.405714401": "sg-0dc1e06bb4cb14006",
                            "ingress.3896068739.self": "false",
                            "ingress.3896068739.to_port": "65535",
                            "name": "eks-cardpay-node-sg",
                            "owner_id": "563366818355",
                            "revoke_rules_on_delete": "false",
                            "tags.%": "2",
                            "tags.Name": "eks-cardpay-node",
                            "tags.kubernetes.io/cluster/SRVAWSEKSCl01": "owned",
                            "vpc_id": "vpc-060d5726858c7ec0e"
                        },
                        "meta": {
                            "e2bfb730-ecaa-11e6-8f88-34363bc7c4c0": {
                                "create": 600000000000,
                                "delete": 600000000000
                            },
                            "schema_version": "1"
                        },
                        "tainted": false
                    },
                    "deposed": [],
                    "provider": "provider.aws"
                },
                "aws_security_group_rule.cardpay-cluster-ingress-node-https": {
                    "type": "aws_security_group_rule",
                    "depends_on": [
                        "aws_security_group.cardpay-cluster",
                        "aws_security_group.cardpay-node"
                    ],
                    "primary": {
                        "id": "sgrule-3588007971",
                        "attributes": {
                            "cidr_blocks.#": "0",
                            "description": "Allow pods to communicate with the cluster API Server",
                            "from_port": "443",
                            "id": "sgrule-3588007971",
                            "ipv6_cidr_blocks.#": "0",
                            "prefix_list_ids.#": "0",
                            "protocol": "tcp",
                            "security_group_id": "sg-0dc1e06bb4cb14006",
                            "self": "false",
                            "source_security_group_id": "sg-06664e406bfcb570b",
                            "to_port": "443",
                            "type": "ingress"
                        },
                        "meta": {
                            "schema_version": "2"
                        },
                        "tainted": false
                    },
                    "deposed": [],
                    "provider": "provider.aws"
                },
                "aws_security_group_rule.cardpay-cluster-ingress-workstation-https": {
                    "type": "aws_security_group_rule",
                    "depends_on": [
                        "aws_security_group.cardpay-cluster",
                        "local.workstation-external-cidr"
                    ],
                    "primary": {
                        "id": "sgrule-1856507931",
                        "attributes": {
                            "cidr_blocks.#": "1",
                            "cidr_blocks.0": "34.215.173.108/32",
                            "description": "Allow workstation to communicate with the cluster API Server",
                            "from_port": "443",
                            "id": "sgrule-1856507931",
                            "protocol": "tcp",
                            "security_group_id": "sg-0dc1e06bb4cb14006",
                            "self": "false",
                            "to_port": "443",
                            "type": "ingress"
                        },
                        "meta": {
                            "schema_version": "2"
                        },
                        "tainted": false
                    },
                    "deposed": [],
                    "provider": "provider.aws"
                },
                "aws_security_group_rule.cardpay-node-ingress-cluster": {
                    "type": "aws_security_group_rule",
                    "depends_on": [
                        "aws_security_group.cardpay-cluster",
                        "aws_security_group.cardpay-node"
                    ],
                    "primary": {
                        "id": "sgrule-3841283673",
                        "attributes": {
                            "cidr_blocks.#": "0",
                            "description": "Allow worker Kubelets and pods to receive communication from the cluster control plane",
                            "from_port": "1025",
                            "id": "sgrule-3841283673",
                            "ipv6_cidr_blocks.#": "0",
                            "prefix_list_ids.#": "0",
                            "protocol": "tcp",
                            "security_group_id": "sg-06664e406bfcb570b",
                            "self": "false",
                            "source_security_group_id": "sg-0dc1e06bb4cb14006",
                            "to_port": "65535",
                            "type": "ingress"
                        },
                        "meta": {
                            "schema_version": "2"
                        },
                        "tainted": false
                    },
                    "deposed": [],
                    "provider": "provider.aws"
                },
                "aws_security_group_rule.cardpay-node-ingress-self": {
                    "type": "aws_security_group_rule",
                    "depends_on": [
                        "aws_security_group.cardpay-node"
                    ],
                    "primary": {
                        "id": "sgrule-1038987762",
                        "attributes": {
                            "cidr_blocks.#": "0",
                            "description": "Allow node to communicate with each other",
                            "from_port": "0",
                            "id": "sgrule-1038987762",
                            "ipv6_cidr_blocks.#": "0",
                            "prefix_list_ids.#": "0",
                            "protocol": "-1",
                            "security_group_id": "sg-06664e406bfcb570b",
                            "self": "false",
                            "source_security_group_id": "sg-06664e406bfcb570b",
                            "to_port": "0",
                            "type": "ingress"
                        },
                        "meta": {
                            "schema_version": "2"
                        },
                        "tainted": false
                    },
                    "deposed": [],
                    "provider": "provider.aws"
                },
                "aws_subnet.cardpay.0": {
                    "type": "aws_subnet",
                    "depends_on": [
                        "aws_vpc.cardpay",
                        "data.aws_availability_zones.available"
                    ],
                    "primary": {
                        "id": "subnet-09fbcb9754cf92014",
                        "attributes": {
                            "arn": "arn:aws:ec2:us-west-2:563366818355:subnet/subnet-09fbcb9754cf92014",
                            "assign_ipv6_address_on_creation": "false",
                            "availability_zone": "us-west-2a",
                            "availability_zone_id": "usw2-az2",
                            "cidr_block": "10.0.0.0/24",
                            "id": "subnet-09fbcb9754cf92014",
                            "ipv6_cidr_block": "",
                            "ipv6_cidr_block_association_id": "",
                            "map_public_ip_on_launch": "false",
                            "owner_id": "563366818355",
                            "tags.%": "2",
                            "tags.Name": "eks-cardpay-node-subnet",
                            "tags.kubernetes.io/cluster/SRVAWSEKSCl01": "shared",
                            "vpc_id": "vpc-060d5726858c7ec0e"
                        },
                        "meta": {
                            "e2bfb730-ecaa-11e6-8f88-34363bc7c4c0": {
                                "create": 600000000000,
                                "delete": 600000000000
                            },
                            "schema_version": "1"
                        },
                        "tainted": false
                    },
                    "deposed": [],
                    "provider": "provider.aws"
                },
                "aws_subnet.cardpay.1": {
                    "type": "aws_subnet",
                    "depends_on": [
                        "aws_vpc.cardpay",
                        "data.aws_availability_zones.available"
                    ],
                    "primary": {
                        "id": "subnet-0106f0e8d00be5299",
                        "attributes": {
                            "arn": "arn:aws:ec2:us-west-2:563366818355:subnet/subnet-0106f0e8d00be5299",
                            "assign_ipv6_address_on_creation": "false",
                            "availability_zone": "us-west-2b",
                            "availability_zone_id": "usw2-az1",
                            "cidr_block": "10.0.1.0/24",
                            "id": "subnet-0106f0e8d00be5299",
                            "ipv6_cidr_block": "",
                            "ipv6_cidr_block_association_id": "",
                            "map_public_ip_on_launch": "false",
                            "owner_id": "563366818355",
                            "tags.%": "2",
                            "tags.Name": "eks-cardpay-node-subnet",
                            "tags.kubernetes.io/cluster/SRVAWSEKSCl01": "shared",
                            "vpc_id": "vpc-060d5726858c7ec0e"
                        },
                        "meta": {
                            "e2bfb730-ecaa-11e6-8f88-34363bc7c4c0": {
                                "create": 600000000000,
                                "delete": 600000000000
                            },
                            "schema_version": "1"
                        },
                        "tainted": false
                    },
                    "deposed": [],
                    "provider": "provider.aws"
                },
                "aws_vpc.cardpay": {
                    "type": "aws_vpc",
                    "depends_on": [],
                    "primary": {
                        "id": "vpc-060d5726858c7ec0e",
                        "attributes": {
                            "arn": "arn:aws:ec2:us-west-2:563366818355:vpc/vpc-060d5726858c7ec0e",
                            "assign_generated_ipv6_cidr_block": "false",
                            "cidr_block": "10.0.0.0/16",
                            "default_network_acl_id": "acl-0585dca4669101ee8",
                            "default_route_table_id": "rtb-0ed130fc5b28809f1",
                            "default_security_group_id": "sg-0053c4594820e3844",
                            "dhcp_options_id": "dopt-50a32a28",
                            "enable_classiclink": "false",
                            "enable_classiclink_dns_support": "false",
                            "enable_dns_hostnames": "false",
                            "enable_dns_support": "true",
                            "id": "vpc-060d5726858c7ec0e",
                            "instance_tenancy": "default",
                            "ipv6_association_id": "",
                            "ipv6_cidr_block": "",
                            "main_route_table_id": "rtb-0ed130fc5b28809f1",
                            "owner_id": "563366818355",
                            "tags.%": "2",
                            "tags.Name": "eks-cardpay-node-vpc",
                            "tags.kubernetes.io/cluster/SRVAWSEKSCl01": "shared"
                        },
                        "meta": {
                            "schema_version": "1"
                        },
                        "tainted": false
                    },
                    "deposed": [],
                    "provider": "provider.aws"
                },
                "data.aws_ami.eks-worker": {
                    "type": "aws_ami",
                    "depends_on": [],
                    "primary": {
                        "id": "ami-07813238ad47d8bd8",
                        "attributes": {
                            "architecture": "x86_64",
                            "block_device_mappings.#": "1",
                            "block_device_mappings.3798922657.device_name": "/dev/xvda",
                            "block_device_mappings.3798922657.ebs.%": "6",
                            "block_device_mappings.3798922657.ebs.delete_on_termination": "true",
                            "block_device_mappings.3798922657.ebs.encrypted": "false",
                            "block_device_mappings.3798922657.ebs.iops": "0",
                            "block_device_mappings.3798922657.ebs.snapshot_id": "snap-0ca2f00878d526101",
                            "block_device_mappings.3798922657.ebs.volume_size": "20",
                            "block_device_mappings.3798922657.ebs.volume_type": "gp2",
                            "block_device_mappings.3798922657.no_device": "",
                            "block_device_mappings.3798922657.virtual_name": "",
                            "creation_date": "2019-12-13T09:16:00.000Z",
                            "description": "EKS Kubernetes Worker AMI with AmazonLinux2 image, (k8s: 1.11.10, docker:18.09.9ce-2.amzn2)",
                            "filter.#": "1",
                            "filter.655774675.name": "name",
                            "filter.655774675.values.#": "1",
                            "filter.655774675.values.0": "amazon-eks-node-*",
                            "hypervisor": "xen",
                            "id": "ami-07813238ad47d8bd8",
                            "image_id": "ami-07813238ad47d8bd8",
                            "image_location": "amazon/amazon-eks-node-1.11-v20191213",
                            "image_owner_alias": "amazon",
                            "image_type": "machine",
                            "most_recent": "true",
                            "name": "amazon-eks-node-1.11-v20191213",
                            "owner_id": "602401143452",
                            "owners.#": "1",
                            "owners.0": "602401143452",
                            "product_codes.#": "0",
                            "public": "true",
                            "root_device_name": "/dev/xvda",
                            "root_device_type": "ebs",
                            "root_snapshot_id": "snap-0ca2f00878d526101",
                            "sriov_net_support": "simple",
                            "state": "available",
                            "state_reason.%": "2",
                            "state_reason.code": "UNSET",
                            "state_reason.message": "UNSET",
                            "tags.%": "0",
                            "virtualization_type": "hvm"
                        },
                        "meta": {},
                        "tainted": false
                    },
                    "deposed": [],
                    "provider": "provider.aws"
                },
                "data.aws_availability_zones.available": {
                    "type": "aws_availability_zones",
                    "depends_on": [],
                    "primary": {
                        "id": "2020-01-12 16:01:27.734080111 +0000 UTC",
                        "attributes": {
                            "id": "2020-01-12 16:01:27.734080111 +0000 UTC",
                            "names.#": "4",
                            "names.0": "us-west-2a",
                            "names.1": "us-west-2b",
                            "names.2": "us-west-2c",
                            "names.3": "us-west-2d",
                            "zone_ids.#": "4",
                            "zone_ids.0": "usw2-az2",
                            "zone_ids.1": "usw2-az1",
                            "zone_ids.2": "usw2-az3",
                            "zone_ids.3": "usw2-az4"
                        },
                        "meta": {},
                        "tainted": false
                    },
                    "deposed": [],
                    "provider": "provider.aws"
                },
                "data.aws_region.current": {
                    "type": "aws_region",
                    "depends_on": [],
                    "primary": {
                        "id": "us-west-2",
                        "attributes": {
                            "current": "true",
                            "description": "US West (Oregon)",
                            "endpoint": "ec2.us-west-2.amazonaws.com",
                            "id": "us-west-2",
                            "name": "us-west-2"
                        },
                        "meta": {},
                        "tainted": false
                    },
                    "deposed": [],
                    "provider": "provider.aws"
                },
                "data.http.workstation-external-ip": {
                    "type": "http",
                    "depends_on": [],
                    "primary": {
                        "id": "2020-01-12 16:01:27.329260047 +0000 UTC",
                        "attributes": {
                            "body": "34.215.173.108\n",
                            "id": "2020-01-12 16:01:27.329260047 +0000 UTC",
                            "url": "http://ipv4.icanhazip.com"
                        },
                        "meta": {},
                        "tainted": false
                    },
                    "deposed": [],
                    "provider": "provider.http"
                }
            },
            "depends_on": []
        }
    ]
}
